PODS:
  - Alamofire (5.4.3)
  - Kingfisher (4.10.1)
  - ReachabilitySwift (5.0.0)

DEPENDENCIES:
  - Alamofire (~> 5.2)
  - Kingfisher (~> 4.0)
  - ReachabilitySwift

SPEC REPOS:
  trunk:
    - Alamofire
    - Kingfisher
    - ReachabilitySwift

SPEC CHECKSUMS:
  Alamofire: e447a2774a40c996748296fa2c55112fdbbc42f9
  Kingfisher: c148cd7b47ebde9989f6bc7c27dcaa79d81279a0
  ReachabilitySwift: 985039c6f7b23a1da463388634119492ff86c825

PODFILE CHECKSUM: 26d26e851ea997a9d7eeaa221d6694cb7c81e72f

COCOAPODS: 1.10.1
